
Microsoft Visual Studio Solution File, Format Version 12.00
# Visual Studio Version 16
VisualStudioVersion = 16.0.29424.173
MinimumVisualStudioVersion = 10.0.40219.1
Project("{FAE04EC0-301F-11D3-BF4B-00C04F79EFBC}") = "ISUZU_Dyno_Upload", "ISUZU_Dyno_Upload\ISUZU_Dyno_Upload.csproj", "{452480D7-5A3E-4EB3-8720-5A31B31FB570}"
EndProject
Project("{FAE04EC0-301F-11D3-BF4B-00C04F79EFBC}") = "RecvDemo", "RecvDemo\RecvDemo.csproj", "{39A6890A-6B4E-416B-B049-650BFE933283}"
EndProject
Global
	GlobalSection(SolutionConfigurationPlatforms) = preSolution
		Debug|Any CPU = Debug|Any CPU
		Release|Any CPU = Release|Any CPU
	EndGlobalSection
	GlobalSection(ProjectConfigurationPlatforms) = postSolution
		{452480D7-5A3E-4EB3-8720-5A31B31FB570}.Debug|Any CPU.ActiveCfg = Debug|Any CPU
		{452480D7-5A3E-4EB3-8720-5A31B31FB570}.Debug|Any CPU.Build.0 = Debug|Any CPU
		{452480D7-5A3E-4EB3-8720-5A31B31FB570}.Release|Any CPU.ActiveCfg = Release|Any CPU
		{452480D7-5A3E-4EB3-8720-5A31B31FB570}.Release|Any CPU.Build.0 = Release|Any CPU
		{39A6890A-6B4E-416B-B049-650BFE933283}.Debug|Any CPU.ActiveCfg = Debug|Any CPU
		{39A6890A-6B4E-416B-B049-650BFE933283}.Debug|Any CPU.Build.0 = Debug|Any CPU
		{39A6890A-6B4E-416B-B049-650BFE933283}.Release|Any CPU.ActiveCfg = Release|Any CPU
		{39A6890A-6B4E-416B-B049-650BFE933283}.Release|Any CPU.Build.0 = Release|Any CPU
	EndGlobalSection
	GlobalSection(SolutionProperties) = preSolution
		HideSolutionNode = FALSE
	EndGlobalSection
	GlobalSection(ExtensibilityGlobals) = postSolution
		SolutionGuid = {EB29750D-6993-4FD2-A230-07DFDBA774F3}
	EndGlobalSection
EndGlobal
